
Microsoft Visual Studio Solution File, Format Version 12.00
# Visual Studio Version 16
VisualStudioVersion = 16.0.31424.327
MinimumVisualStudioVersion = 10.0.40219.1
Project("{FAE04EC0-301F-11D3-BF4B-00C04F79EFBC}") = "1811062845_PhamThanhTuan_Bigschooll", "1811062845_PhamThanhTuan_Bigschooll\1811062845_PhamThanhTuan_Bigschooll.csproj", "{CF4ACF31-9ABF-46D4-AA99-AE7AFC225D47}"
EndProject
Global
	GlobalSection(SolutionConfigurationPlatforms) = preSolution
		Debug|Any CPU = Debug|Any CPU
		Release|Any CPU = Release|Any CPU
	EndGlobalSection
	GlobalSection(ProjectConfigurationPlatforms) = postSolution
		{CF4ACF31-9ABF-46D4-AA99-AE7AFC225D47}.Debug|Any CPU.ActiveCfg = Debug|Any CPU
		{CF4ACF31-9ABF-46D4-AA99-AE7AFC225D47}.Debug|Any CPU.Build.0 = Debug|Any CPU
		{CF4ACF31-9ABF-46D4-AA99-AE7AFC225D47}.Release|Any CPU.ActiveCfg = Release|Any CPU
		{CF4ACF31-9ABF-46D4-AA99-AE7AFC225D47}.Release|Any CPU.Build.0 = Release|Any CPU
	EndGlobalSection
	GlobalSection(SolutionProperties) = preSolution
		HideSolutionNode = FALSE
	EndGlobalSection
	GlobalSection(ExtensibilityGlobals) = postSolution
		SolutionGuid = {8733AA5C-C21E-4703-881B-2F266E22A525}
	EndGlobalSection
EndGlobal
